
Microsoft Visual Studio Solution File, Format Version 12.00
# Visual Studio Version 17
VisualStudioVersion = 17.8.34330.188
MinimumVisualStudioVersion = 10.0.40219.1
Project("{FAE04EC0-301F-11D3-BF4B-00C04F79EFBC}") = "Упр4", "Упр4.csproj", "{1217DD57-A749-4FE9-AD7F-70EB0B83522E}"
EndProject
Global
	GlobalSection(SolutionConfigurationPlatforms) = preSolution
		Debug|Any CPU = Debug|Any CPU
		Release|Any CPU = Release|Any CPU
	EndGlobalSection
	GlobalSection(ProjectConfigurationPlatforms) = postSolution
		{1217DD57-A749-4FE9-AD7F-70EB0B83522E}.Debug|Any CPU.ActiveCfg = Debug|Any CPU
		{1217DD57-A749-4FE9-AD7F-70EB0B83522E}.Debug|Any CPU.Build.0 = Debug|Any CPU
		{1217DD57-A749-4FE9-AD7F-70EB0B83522E}.Release|Any CPU.ActiveCfg = Release|Any CPU
		{1217DD57-A749-4FE9-AD7F-70EB0B83522E}.Release|Any CPU.Build.0 = Release|Any CPU
	EndGlobalSection
	GlobalSection(SolutionProperties) = preSolution
		HideSolutionNode = FALSE
	EndGlobalSection
	GlobalSection(ExtensibilityGlobals) = postSolution
		SolutionGuid = {7FF91941-ADBC-4A26-92E1-1B9698BAC05E}
	EndGlobalSection
EndGlobal
