
Microsoft Visual Studio Solution File, Format Version 12.00
# Visual Studio Version 17
VisualStudioVersion = 17.8.34330.188
MinimumVisualStudioVersion = 10.0.40219.1
Project("{FAE04EC0-301F-11D3-BF4B-00C04F79EFBC}") = "Упр1", "Упр1\Упр1.csproj", "{8E9F9852-8C17-4D89-B5A2-4548AEDFC7E1}"
EndProject
Global
	GlobalSection(SolutionConfigurationPlatforms) = preSolution
		Debug|Any CPU = Debug|Any CPU
		Release|Any CPU = Release|Any CPU
	EndGlobalSection
	GlobalSection(ProjectConfigurationPlatforms) = postSolution
		{8E9F9852-8C17-4D89-B5A2-4548AEDFC7E1}.Debug|Any CPU.ActiveCfg = Debug|Any CPU
		{8E9F9852-8C17-4D89-B5A2-4548AEDFC7E1}.Debug|Any CPU.Build.0 = Debug|Any CPU
		{8E9F9852-8C17-4D89-B5A2-4548AEDFC7E1}.Release|Any CPU.ActiveCfg = Release|Any CPU
		{8E9F9852-8C17-4D89-B5A2-4548AEDFC7E1}.Release|Any CPU.Build.0 = Release|Any CPU
	EndGlobalSection
	GlobalSection(SolutionProperties) = preSolution
		HideSolutionNode = FALSE
	EndGlobalSection
	GlobalSection(ExtensibilityGlobals) = postSolution
		SolutionGuid = {93A5595A-999F-4B28-949F-5931370E15CA}
	EndGlobalSection
EndGlobal
