
Microsoft Visual Studio Solution File, Format Version 12.00
# Visual Studio Version 17
VisualStudioVersion = 17.8.34330.188
MinimumVisualStudioVersion = 10.0.40219.1
Project("{FAE04EC0-301F-11D3-BF4B-00C04F79EFBC}") = "упр10", "упр10.csproj", "{0D3A7730-8552-4A57-9BA8-04BBD925941C}"
EndProject
Global
	GlobalSection(SolutionConfigurationPlatforms) = preSolution
		Debug|Any CPU = Debug|Any CPU
		Release|Any CPU = Release|Any CPU
	EndGlobalSection
	GlobalSection(ProjectConfigurationPlatforms) = postSolution
		{0D3A7730-8552-4A57-9BA8-04BBD925941C}.Debug|Any CPU.ActiveCfg = Debug|Any CPU
		{0D3A7730-8552-4A57-9BA8-04BBD925941C}.Debug|Any CPU.Build.0 = Debug|Any CPU
		{0D3A7730-8552-4A57-9BA8-04BBD925941C}.Release|Any CPU.ActiveCfg = Release|Any CPU
		{0D3A7730-8552-4A57-9BA8-04BBD925941C}.Release|Any CPU.Build.0 = Release|Any CPU
	EndGlobalSection
	GlobalSection(SolutionProperties) = preSolution
		HideSolutionNode = FALSE
	EndGlobalSection
	GlobalSection(ExtensibilityGlobals) = postSolution
		SolutionGuid = {4F78CDE5-BDA4-46EB-BFF6-380065FA99DA}
	EndGlobalSection
EndGlobal
