
Microsoft Visual Studio Solution File, Format Version 12.00
# Visual Studio Version 17
VisualStudioVersion = 17.8.34330.188
MinimumVisualStudioVersion = 10.0.40219.1
Project("{FAE04EC0-301F-11D3-BF4B-00C04F79EFBC}") = "Упр21", "Упр21.csproj", "{C6F07EE7-C1DE-47CA-9567-2A41ADD280E5}"
EndProject
Global
	GlobalSection(SolutionConfigurationPlatforms) = preSolution
		Debug|Any CPU = Debug|Any CPU
		Release|Any CPU = Release|Any CPU
	EndGlobalSection
	GlobalSection(ProjectConfigurationPlatforms) = postSolution
		{C6F07EE7-C1DE-47CA-9567-2A41ADD280E5}.Debug|Any CPU.ActiveCfg = Debug|Any CPU
		{C6F07EE7-C1DE-47CA-9567-2A41ADD280E5}.Debug|Any CPU.Build.0 = Debug|Any CPU
		{C6F07EE7-C1DE-47CA-9567-2A41ADD280E5}.Release|Any CPU.ActiveCfg = Release|Any CPU
		{C6F07EE7-C1DE-47CA-9567-2A41ADD280E5}.Release|Any CPU.Build.0 = Release|Any CPU
	EndGlobalSection
	GlobalSection(SolutionProperties) = preSolution
		HideSolutionNode = FALSE
	EndGlobalSection
	GlobalSection(ExtensibilityGlobals) = postSolution
		SolutionGuid = {235EFA60-90C9-4530-9674-7C0A52DDA291}
	EndGlobalSection
EndGlobal
